
Microsoft Visual Studio Solution File, Format Version 12.00
Project("{2150E333-8FDC-42A3-9474-1A3956D46DE8}") = "common", "common", "{F2B73348-D2A3-462E-BFE9-5E33C0AB270D}"
ProjectSection(SolutionItems) = preProject
	.gitignore = .gitignore
	README.md = README.md
EndProjectSection
EndProject
Project("{2150E333-8FDC-42A3-9474-1A3956D46DE8}") = "src", "src", "{D3EC8E27-70A8-4F3E-A0D4-78E8ECFD2686}"
EndProject
Project("{FAE04EC0-301F-11D3-BF4B-00C04F79EFBC}") = "ScheduleDevelopmentKit.Api", "src\ScheduleDevelopmentKit.Api\ScheduleDevelopmentKit.Api.csproj", "{3EDAB405-8CAE-4CA2-8947-B18813ECC6B0}"
EndProject
Project("{FAE04EC0-301F-11D3-BF4B-00C04F79EFBC}") = "ScheduleDevelopmentKit.DataAccess", "src\ScheduleDevelopmentKit.DataAccess\ScheduleDevelopmentKit.DataAccess.csproj", "{2A85283A-C1F5-4C76-B24F-A1606970AC2E}"
EndProject
Project("{FAE04EC0-301F-11D3-BF4B-00C04F79EFBC}") = "ScheduleDevelopmentKit.Domain", "src\ScheduleDevelopmentKit.Domain\ScheduleDevelopmentKit.Domain.csproj", "{FB01AD63-8560-414E-83C6-161E00B0B6CC}"
EndProject
Project("{FAE04EC0-301F-11D3-BF4B-00C04F79EFBC}") = "ScheduleDevelopmentKit.Modules.Core", "src\ScheduleDevelopmentKit.Modules.Core\ScheduleDevelopmentKit.Modules.Core.csproj", "{C64063CB-7053-4DB5-B0B0-CD3CBB1DEAA4}"
EndProject
Global
	GlobalSection(SolutionConfigurationPlatforms) = preSolution
		Debug|Any CPU = Debug|Any CPU
		Release|Any CPU = Release|Any CPU
	EndGlobalSection
	GlobalSection(NestedProjects) = preSolution
		{3EDAB405-8CAE-4CA2-8947-B18813ECC6B0} = {D3EC8E27-70A8-4F3E-A0D4-78E8ECFD2686}
		{2A85283A-C1F5-4C76-B24F-A1606970AC2E} = {D3EC8E27-70A8-4F3E-A0D4-78E8ECFD2686}
		{FB01AD63-8560-414E-83C6-161E00B0B6CC} = {D3EC8E27-70A8-4F3E-A0D4-78E8ECFD2686}
		{C64063CB-7053-4DB5-B0B0-CD3CBB1DEAA4} = {D3EC8E27-70A8-4F3E-A0D4-78E8ECFD2686}
	EndGlobalSection
	GlobalSection(ProjectConfigurationPlatforms) = postSolution
		{3EDAB405-8CAE-4CA2-8947-B18813ECC6B0}.Debug|Any CPU.ActiveCfg = Debug|Any CPU
		{3EDAB405-8CAE-4CA2-8947-B18813ECC6B0}.Debug|Any CPU.Build.0 = Debug|Any CPU
		{3EDAB405-8CAE-4CA2-8947-B18813ECC6B0}.Release|Any CPU.ActiveCfg = Release|Any CPU
		{3EDAB405-8CAE-4CA2-8947-B18813ECC6B0}.Release|Any CPU.Build.0 = Release|Any CPU
		{2A85283A-C1F5-4C76-B24F-A1606970AC2E}.Debug|Any CPU.ActiveCfg = Debug|Any CPU
		{2A85283A-C1F5-4C76-B24F-A1606970AC2E}.Debug|Any CPU.Build.0 = Debug|Any CPU
		{2A85283A-C1F5-4C76-B24F-A1606970AC2E}.Release|Any CPU.ActiveCfg = Release|Any CPU
		{2A85283A-C1F5-4C76-B24F-A1606970AC2E}.Release|Any CPU.Build.0 = Release|Any CPU
		{FB01AD63-8560-414E-83C6-161E00B0B6CC}.Debug|Any CPU.ActiveCfg = Debug|Any CPU
		{FB01AD63-8560-414E-83C6-161E00B0B6CC}.Debug|Any CPU.Build.0 = Debug|Any CPU
		{FB01AD63-8560-414E-83C6-161E00B0B6CC}.Release|Any CPU.ActiveCfg = Release|Any CPU
		{FB01AD63-8560-414E-83C6-161E00B0B6CC}.Release|Any CPU.Build.0 = Release|Any CPU
		{C64063CB-7053-4DB5-B0B0-CD3CBB1DEAA4}.Debug|Any CPU.ActiveCfg = Debug|Any CPU
		{C64063CB-7053-4DB5-B0B0-CD3CBB1DEAA4}.Debug|Any CPU.Build.0 = Debug|Any CPU
		{C64063CB-7053-4DB5-B0B0-CD3CBB1DEAA4}.Release|Any CPU.ActiveCfg = Release|Any CPU
		{C64063CB-7053-4DB5-B0B0-CD3CBB1DEAA4}.Release|Any CPU.Build.0 = Release|Any CPU
	EndGlobalSection
EndGlobal
